{"version":4,"terraform_version":"1.9.0","serial":7,"lineage":"774db85d-296e-5506-64db-f16052d556ab","outputs":{"setup_instructions":{"value":"=======================================================\nGitHub Actions IAM User Setup Complete\n=======================================================\n\n1. Add these secrets to your GitHub repository:\n\n   AWS_ACCESS_KEY_ID: [Sensitive - See AWS Console]\n   AWS_SECRET_ACCESS_KEY: [Sensitive - See AWS Console]\n   AWS_REGION: eu-central-1\n   \n2. Additional secrets to add:\n   ECR_REPOSITORY: itemboard-ecr\n   ECS_CLUSTER: itemboard-ecs-cluster\n   ECS_SERVICE: itemboard-ecs\n\n3. Make sure your GitHub Actions workflow uses these secrets.\n","type":"string"}},"resources":[{"mode":"data","type":"aws_caller_identity","name":"current","provider":"provider[\"registry.opentofu.org/hashicorp/aws\"]","instances":[{"schema_version":0,"attributes":{"account_id":"471112562146","arn":"arn:aws:iam::471112562146:user/dlv","id":"471112562146","user_id":"AIDAW3MD7GXRPBHM6IST6"},"sensitive_attributes":[]}]},{"mode":"managed","type":"aws_iam_policy","name":"github_actions","provider":"provider[\"registry.opentofu.org/hashicorp/aws\"]","instances":[{"schema_version":0,"attributes":{"arn":"arn:aws:iam::471112562146:policy/github-actions-itemboard-policy","attachment_count":0,"description":"Policy for GitHub Actions to manage ECR and ECS resources","id":"arn:aws:iam::471112562146:policy/github-actions-itemboard-policy","name":"github-actions-itemboard-policy","name_prefix":"","path":"/","policy":"{\"Statement\":[{\"Action\":[\"ecr:GetAuthorizationToken\",\"ecr:BatchCheckLayerAvailability\",\"ecr:GetDownloadUrlForLayer\",\"ecr:BatchGetImage\",\"ecr:InitiateLayerUpload\",\"ecr:UploadLayerPart\",\"ecr:CompleteLayerUpload\",\"ecr:PutImage\"],\"Effect\":\"Allow\",\"Resource\":\"*\"},{\"Action\":[\"ecs:DescribeServices\",\"ecs:UpdateService\",\"ecs:DescribeTasks\"],\"Effect\":\"Allow\",\"Resource\":\"*\"},{\"Action\":[\"ecs:DescribeClusters\"],\"Effect\":\"Allow\",\"Resource\":\"*\"}],\"Version\":\"2012-10-17\"}","policy_id":"ANPAW3MD7GXRJHMNK73DJ","tags":null,"tags_all":{}},"sensitive_attributes":[],"private":"bnVsbA=="}]},{"mode":"managed","type":"aws_iam_policy_attachment","name":"github_actions_user_policy_attachemnt","provider":"provider[\"registry.opentofu.org/hashicorp/aws\"]","instances":[{"schema_version":0,"attributes":{"groups":null,"id":"github_actions_user_policy_attachemnt","name":"github_actions_user_policy_attachemnt","policy_arn":"arn:aws:iam::471112562146:policy/github-actions-itemboard-policy","roles":null,"users":["github-actions-itemboard"]},"sensitive_attributes":[],"private":"bnVsbA==","dependencies":["aws_iam_policy.github_actions","aws_iam_user.github_actions"]}]},{"mode":"managed","type":"aws_iam_user","name":"github_actions","provider":"provider[\"registry.opentofu.org/hashicorp/aws\"]","instances":[{"schema_version":0,"attributes":{"arn":"arn:aws:iam::471112562146:user/ci/github-actions-itemboard","force_destroy":false,"id":"github-actions-itemboard","name":"github-actions-itemboard","path":"/ci/","permissions_boundary":"","tags":{"Description":"IAM user for GitHub Actions CI/CD pipeline","Project":"itemboard"},"tags_all":{"Description":"IAM user for GitHub Actions CI/CD pipeline","Project":"itemboard"},"unique_id":"AIDAW3MD7GXRBE5PL3YUV"},"sensitive_attributes":[],"private":"bnVsbA=="}]}],"check_results":null}
